
Microsoft Visual Studio Solution File, Format Version 12.00
# Visual Studio Version 16
VisualStudioVersion = 16.0.29519.181
MinimumVisualStudioVersion = 10.0.40219.1
Project("{FAE04EC0-301F-11D3-BF4B-00C04F79EFBC}") = "VittaTest", "VittaTest.csproj", "{0E1DF6C9-FAEA-49B8-B178-204331F2128D}"
EndProject
Global
	GlobalSection(SolutionConfigurationPlatforms) = preSolution
		Debug|Any CPU = Debug|Any CPU
		Release|Any CPU = Release|Any CPU
	EndGlobalSection
	GlobalSection(ProjectConfigurationPlatforms) = postSolution
		{0E1DF6C9-FAEA-49B8-B178-204331F2128D}.Debug|Any CPU.ActiveCfg = Debug|Any CPU
		{0E1DF6C9-FAEA-49B8-B178-204331F2128D}.Debug|Any CPU.Build.0 = Debug|Any CPU
		{0E1DF6C9-FAEA-49B8-B178-204331F2128D}.Release|Any CPU.ActiveCfg = Release|Any CPU
		{0E1DF6C9-FAEA-49B8-B178-204331F2128D}.Release|Any CPU.Build.0 = Release|Any CPU
	EndGlobalSection
	GlobalSection(SolutionProperties) = preSolution
		HideSolutionNode = FALSE
	EndGlobalSection
	GlobalSection(ExtensibilityGlobals) = postSolution
		SolutionGuid = {63C3F55C-908D-4EBD-8B3E-A7B00F16A8B0}
	EndGlobalSection
EndGlobal
